
Microsoft Visual Studio Solution File, Format Version 12.00
# Visual Studio Version 16
VisualStudioVersion = 16.0.32901.82
MinimumVisualStudioVersion = 10.0.40219.1
Project("{2150E333-8FDC-42A3-9474-1A3956D46DE8}") = "01. Clients", "01. Clients", "{B2E7E723-EC63-4A72-B828-04047F544F2A}"
EndProject
Project("{2150E333-8FDC-42A3-9474-1A3956D46DE8}") = "02. Api.Gateways", "02. Api.Gateways", "{FE458544-43FF-4659-9DCC-EC31E7239810}"
EndProject
Project("{2150E333-8FDC-42A3-9474-1A3956D46DE8}") = "03. Services", "03. Services", "{9412916C-2C41-445D-8EF2-FCD934C7F7FF}"
EndProject
Project("{2150E333-8FDC-42A3-9474-1A3956D46DE8}") = "01. Identity", "01. Identity", "{9F3903EA-A144-4F3A-B944-C1B35BAF668F}"
EndProject
Project("{2150E333-8FDC-42A3-9474-1A3956D46DE8}") = "02. Catalog", "02. Catalog", "{101DCDBE-D247-4B5E-AEA9-B7F8938A7827}"
EndProject
Project("{2150E333-8FDC-42A3-9474-1A3956D46DE8}") = "03. Customer", "03. Customer", "{0DD6EEAE-734C-49EE-BE69-B4B2F6B316CE}"
EndProject
Project("{2150E333-8FDC-42A3-9474-1A3956D46DE8}") = "04. Order", "04. Order", "{B51784CD-BA04-4DBE-B268-3A8F9F0B7C37}"
EndProject
Project("{FAE04EC0-301F-11D3-BF4B-00C04F79EFBC}") = "Catalog.API", "src\Services\Catalog\Catalog.API\Catalog.API.csproj", "{6DFB3351-14FB-4F2C-A923-5A171389E9E3}"
EndProject
Project("{2150E333-8FDC-42A3-9474-1A3956D46DE8}") = "01. Api", "01. Api", "{CF2AFBE1-80AD-4F2E-BF26-72721E316E41}"
EndProject
Project("{2150E333-8FDC-42A3-9474-1A3956D46DE8}") = "02. Services", "02. Services", "{9791F4F8-D74F-43FC-878A-F8E9CAD811A2}"
EndProject
Project("{2150E333-8FDC-42A3-9474-1A3956D46DE8}") = "03. Persistence", "03. Persistence", "{94F5D37F-F35E-4285-94C2-81A85BA8BFF5}"
EndProject
Project("{2150E333-8FDC-42A3-9474-1A3956D46DE8}") = "04. Models", "04. Models", "{01F26B42-251A-4BAF-81AF-0D775F58E0E7}"
EndProject
Project("{FAE04EC0-301F-11D3-BF4B-00C04F79EFBC}") = "Catalog.Domain", "src\Services\Catalog\Catalog.Domain\Catalog.Domain.csproj", "{B491FA23-E334-46E4-B7BE-62649EDBE62A}"
EndProject
Project("{FAE04EC0-301F-11D3-BF4B-00C04F79EFBC}") = "Catalog.Persistence.Database", "src\Services\Catalog\Catalog.Persistence.Database\Catalog.Persistence.Database.csproj", "{FB033CF3-9FBC-41E2-AD84-19282DC0A3EC}"
EndProject
Project("{FAE04EC0-301F-11D3-BF4B-00C04F79EFBC}") = "Catalog.Services.Queries", "src\Services\Catalog\Catalog.Services.Queries\Catalog.Services.Queries.csproj", "{A9B99D3E-7FB6-4BF2-BF72-F23F2C5B92F4}"
EndProject
Project("{2150E333-8FDC-42A3-9474-1A3956D46DE8}") = "Common", "Common", "{0674DEE8-DD7F-40F7-9F29-D4E7F203BA74}"
EndProject
Project("{FAE04EC0-301F-11D3-BF4B-00C04F79EFBC}") = "Services.Common.Collection", "src\Services\Common\Services.Common.Collection\Services.Common.Collection.csproj", "{DA777310-4A81-48EC-9B28-1D10C51D8D63}"
EndProject
Project("{FAE04EC0-301F-11D3-BF4B-00C04F79EFBC}") = "Services.Common.Mapping", "src\Services\Common\Services.Common.Mapping\Services.Common.Mapping.csproj", "{36900C45-0CA8-4721-81E5-DAA4A58EC24C}"
EndProject
Project("{FAE04EC0-301F-11D3-BF4B-00C04F79EFBC}") = "Services.Common.Paging", "src\Services\Common\Services.Common.Paging\Services.Common.Paging.csproj", "{5CFBE153-CE22-454E-9E32-FE940C57BD8E}"
EndProject
Global
	GlobalSection(SolutionConfigurationPlatforms) = preSolution
		Debug|Any CPU = Debug|Any CPU
		Release|Any CPU = Release|Any CPU
	EndGlobalSection
	GlobalSection(ProjectConfigurationPlatforms) = postSolution
		{6DFB3351-14FB-4F2C-A923-5A171389E9E3}.Debug|Any CPU.ActiveCfg = Debug|Any CPU
		{6DFB3351-14FB-4F2C-A923-5A171389E9E3}.Debug|Any CPU.Build.0 = Debug|Any CPU
		{6DFB3351-14FB-4F2C-A923-5A171389E9E3}.Release|Any CPU.ActiveCfg = Release|Any CPU
		{6DFB3351-14FB-4F2C-A923-5A171389E9E3}.Release|Any CPU.Build.0 = Release|Any CPU
		{B491FA23-E334-46E4-B7BE-62649EDBE62A}.Debug|Any CPU.ActiveCfg = Debug|Any CPU
		{B491FA23-E334-46E4-B7BE-62649EDBE62A}.Debug|Any CPU.Build.0 = Debug|Any CPU
		{B491FA23-E334-46E4-B7BE-62649EDBE62A}.Release|Any CPU.ActiveCfg = Release|Any CPU
		{B491FA23-E334-46E4-B7BE-62649EDBE62A}.Release|Any CPU.Build.0 = Release|Any CPU
		{FB033CF3-9FBC-41E2-AD84-19282DC0A3EC}.Debug|Any CPU.ActiveCfg = Debug|Any CPU
		{FB033CF3-9FBC-41E2-AD84-19282DC0A3EC}.Debug|Any CPU.Build.0 = Debug|Any CPU
		{FB033CF3-9FBC-41E2-AD84-19282DC0A3EC}.Release|Any CPU.ActiveCfg = Release|Any CPU
		{FB033CF3-9FBC-41E2-AD84-19282DC0A3EC}.Release|Any CPU.Build.0 = Release|Any CPU
		{A9B99D3E-7FB6-4BF2-BF72-F23F2C5B92F4}.Debug|Any CPU.ActiveCfg = Debug|Any CPU
		{A9B99D3E-7FB6-4BF2-BF72-F23F2C5B92F4}.Debug|Any CPU.Build.0 = Debug|Any CPU
		{A9B99D3E-7FB6-4BF2-BF72-F23F2C5B92F4}.Release|Any CPU.ActiveCfg = Release|Any CPU
		{A9B99D3E-7FB6-4BF2-BF72-F23F2C5B92F4}.Release|Any CPU.Build.0 = Release|Any CPU
		{DA777310-4A81-48EC-9B28-1D10C51D8D63}.Debug|Any CPU.ActiveCfg = Debug|Any CPU
		{DA777310-4A81-48EC-9B28-1D10C51D8D63}.Debug|Any CPU.Build.0 = Debug|Any CPU
		{DA777310-4A81-48EC-9B28-1D10C51D8D63}.Release|Any CPU.ActiveCfg = Release|Any CPU
		{DA777310-4A81-48EC-9B28-1D10C51D8D63}.Release|Any CPU.Build.0 = Release|Any CPU
		{36900C45-0CA8-4721-81E5-DAA4A58EC24C}.Debug|Any CPU.ActiveCfg = Debug|Any CPU
		{36900C45-0CA8-4721-81E5-DAA4A58EC24C}.Debug|Any CPU.Build.0 = Debug|Any CPU
		{36900C45-0CA8-4721-81E5-DAA4A58EC24C}.Release|Any CPU.ActiveCfg = Release|Any CPU
		{36900C45-0CA8-4721-81E5-DAA4A58EC24C}.Release|Any CPU.Build.0 = Release|Any CPU
		{5CFBE153-CE22-454E-9E32-FE940C57BD8E}.Debug|Any CPU.ActiveCfg = Debug|Any CPU
		{5CFBE153-CE22-454E-9E32-FE940C57BD8E}.Debug|Any CPU.Build.0 = Debug|Any CPU
		{5CFBE153-CE22-454E-9E32-FE940C57BD8E}.Release|Any CPU.ActiveCfg = Release|Any CPU
		{5CFBE153-CE22-454E-9E32-FE940C57BD8E}.Release|Any CPU.Build.0 = Release|Any CPU
	EndGlobalSection
	GlobalSection(SolutionProperties) = preSolution
		HideSolutionNode = FALSE
	EndGlobalSection
	GlobalSection(NestedProjects) = preSolution
		{9F3903EA-A144-4F3A-B944-C1B35BAF668F} = {9412916C-2C41-445D-8EF2-FCD934C7F7FF}
		{101DCDBE-D247-4B5E-AEA9-B7F8938A7827} = {9412916C-2C41-445D-8EF2-FCD934C7F7FF}
		{0DD6EEAE-734C-49EE-BE69-B4B2F6B316CE} = {9412916C-2C41-445D-8EF2-FCD934C7F7FF}
		{B51784CD-BA04-4DBE-B268-3A8F9F0B7C37} = {9412916C-2C41-445D-8EF2-FCD934C7F7FF}
		{6DFB3351-14FB-4F2C-A923-5A171389E9E3} = {CF2AFBE1-80AD-4F2E-BF26-72721E316E41}
		{CF2AFBE1-80AD-4F2E-BF26-72721E316E41} = {101DCDBE-D247-4B5E-AEA9-B7F8938A7827}
		{9791F4F8-D74F-43FC-878A-F8E9CAD811A2} = {101DCDBE-D247-4B5E-AEA9-B7F8938A7827}
		{94F5D37F-F35E-4285-94C2-81A85BA8BFF5} = {101DCDBE-D247-4B5E-AEA9-B7F8938A7827}
		{01F26B42-251A-4BAF-81AF-0D775F58E0E7} = {101DCDBE-D247-4B5E-AEA9-B7F8938A7827}
		{B491FA23-E334-46E4-B7BE-62649EDBE62A} = {01F26B42-251A-4BAF-81AF-0D775F58E0E7}
		{FB033CF3-9FBC-41E2-AD84-19282DC0A3EC} = {94F5D37F-F35E-4285-94C2-81A85BA8BFF5}
		{A9B99D3E-7FB6-4BF2-BF72-F23F2C5B92F4} = {9791F4F8-D74F-43FC-878A-F8E9CAD811A2}
		{0674DEE8-DD7F-40F7-9F29-D4E7F203BA74} = {9412916C-2C41-445D-8EF2-FCD934C7F7FF}
		{DA777310-4A81-48EC-9B28-1D10C51D8D63} = {0674DEE8-DD7F-40F7-9F29-D4E7F203BA74}
		{36900C45-0CA8-4721-81E5-DAA4A58EC24C} = {0674DEE8-DD7F-40F7-9F29-D4E7F203BA74}
		{5CFBE153-CE22-454E-9E32-FE940C57BD8E} = {0674DEE8-DD7F-40F7-9F29-D4E7F203BA74}
	EndGlobalSection
	GlobalSection(ExtensibilityGlobals) = postSolution
		SolutionGuid = {C48E4EC9-2449-44D9-BDA2-E88227B1DDB6}
	EndGlobalSection
EndGlobal
